
Microsoft Visual Studio Solution File, Format Version 12.00
# Visual Studio 15
VisualStudioVersion = 15.0.26403.7
MinimumVisualStudioVersion = 10.0.40219.1
Project("{FAE04EC0-301F-11D3-BF4B-00C04F79EFBC}") = "Labels", "Labels.csproj", "{5A69D5A8-26F6-49A6-9CBB-0744ABD5AE3A}"
EndProject
Global
	GlobalSection(SolutionConfigurationPlatforms) = preSolution
		Debug|Any CPU = Debug|Any CPU
		Release|Any CPU = Release|Any CPU
	EndGlobalSection
	GlobalSection(ProjectConfigurationPlatforms) = postSolution
		{5A69D5A8-26F6-49A6-9CBB-0744ABD5AE3A}.Debug|Any CPU.ActiveCfg = Debug|Any CPU
		{5A69D5A8-26F6-49A6-9CBB-0744ABD5AE3A}.Debug|Any CPU.Build.0 = Debug|Any CPU
		{5A69D5A8-26F6-49A6-9CBB-0744ABD5AE3A}.Release|Any CPU.ActiveCfg = Release|Any CPU
		{5A69D5A8-26F6-49A6-9CBB-0744ABD5AE3A}.Release|Any CPU.Build.0 = Release|Any CPU
	EndGlobalSection
	GlobalSection(SolutionProperties) = preSolution
		HideSolutionNode = FALSE
	EndGlobalSection
EndGlobal
